// !$*UTF8*$!
{
	archiveVersion = 1;
	classes = {
	};
	objectVersion = 56;
	objects = {

/* Begin PBXBuildFile section */
		818638B22B709C50002E5350 /* AppDelegate.swift in Sources */ = {isa = PBXBuildFile; fileRef = 818638B12B709C50002E5350 /* AppDelegate.swift */; };
		818638B42B709C50002E5350 /* SceneDelegate.swift in Sources */ = {isa = PBXBuildFile; fileRef = 818638B32B709C50002E5350 /* SceneDelegate.swift */; };
		818638B62B709C50002E5350 /* ConversationsViewController.swift in Sources */ = {isa = PBXBuildFile; fileRef = 818638B52B709C50002E5350 /* ConversationsViewController.swift */; };
		818638B92B709C50002E5350 /* Main.storyboard in Resources */ = {isa = PBXBuildFile; fileRef = 818638B72B709C50002E5350 /* Main.storyboard */; };
		818638BB2B709C52002E5350 /* Assets.xcassets in Resources */ = {isa = PBXBuildFile; fileRef = 818638BA2B709C52002E5350 /* Assets.xcassets */; };
		818638BE2B709C52002E5350 /* LaunchScreen.storyboard in Resources */ = {isa = PBXBuildFile; fileRef = 818638BC2B709C52002E5350 /* LaunchScreen.storyboard */; };
		818638C92B709C52002E5350 /* QuarChatsTests.swift in Sources */ = {isa = PBXBuildFile; fileRef = 818638C82B709C52002E5350 /* QuarChatsTests.swift */; };
		818638D32B709C52002E5350 /* QuarChatsUITests.swift in Sources */ = {isa = PBXBuildFile; fileRef = 818638D22B709C52002E5350 /* QuarChatsUITests.swift */; };
		818638D52B709C52002E5350 /* QuarChatsUITestsLaunchTests.swift in Sources */ = {isa = PBXBuildFile; fileRef = 818638D42B709C52002E5350 /* QuarChatsUITestsLaunchTests.swift */; };
		818638F02B709D08002E5350 /* Window.framework in Frameworks */ = {isa = PBXBuildFile; fileRef = 818638E62B709D08002E5350 /* Window.framework */; };
		818638FB2B709D08002E5350 /* Window.framework in Frameworks */ = {isa = PBXBuildFile; fileRef = 818638E62B709D08002E5350 /* Window.framework */; };
		818638FC2B709D08002E5350 /* Window.framework in Embed Frameworks */ = {isa = PBXBuildFile; fileRef = 818638E62B709D08002E5350 /* Window.framework */; settings = {ATTRIBUTES = (CodeSignOnCopy, RemoveHeadersOnCopy, ); }; };
		81D5E4502B737501008E0204 /* Landing.framework in Frameworks */ = {isa = PBXBuildFile; fileRef = 81D5E4462B737501008E0204 /* Landing.framework */; };
		81D5E45B2B737502008E0204 /* Landing.framework in Frameworks */ = {isa = PBXBuildFile; fileRef = 81D5E4462B737501008E0204 /* Landing.framework */; };
		81D5E45C2B737502008E0204 /* Landing.framework in Embed Frameworks */ = {isa = PBXBuildFile; fileRef = 81D5E4462B737501008E0204 /* Landing.framework */; settings = {ATTRIBUTES = (CodeSignOnCopy, RemoveHeadersOnCopy, ); }; };
		81D5E4782B7379F2008E0204 /* Utility.framework in Frameworks */ = {isa = PBXBuildFile; fileRef = 81D5E4722B7379F2008E0204 /* Utility.framework */; };
		81D5E4792B7379F2008E0204 /* Utility.framework in Embed Frameworks */ = {isa = PBXBuildFile; fileRef = 81D5E4722B7379F2008E0204 /* Utility.framework */; settings = {ATTRIBUTES = (CodeSignOnCopy, RemoveHeadersOnCopy, ); }; };
		D6FACED32C819D8800A75058 /* LoginViewController.swift in Sources */ = {isa = PBXBuildFile; fileRef = D6FACED22C819D8800A75058 /* LoginViewController.swift */; };
		D6FACED52C819D9900A75058 /* RegisterViewController.swift in Sources */ = {isa = PBXBuildFile; fileRef = D6FACED42C819D9900A75058 /* RegisterViewController.swift */; };
		D6FACED72C819DB900A75058 /* PhotosViewerViewController.swift in Sources */ = {isa = PBXBuildFile; fileRef = D6FACED62C819DB800A75058 /* PhotosViewerViewController.swift */; };
		D6FACED92C819DC600A75058 /* VideoPlayerViewController.swift in Sources */ = {isa = PBXBuildFile; fileRef = D6FACED82C819DC600A75058 /* VideoPlayerViewController.swift */; };
		D6FACEDB2C819DDF00A75058 /* NewConversationViewController.swift in Sources */ = {isa = PBXBuildFile; fileRef = D6FACEDA2C819DDF00A75058 /* NewConversationViewController.swift */; };
		D6FACEDD2C819DF600A75058 /* ProfileViewController.swift in Sources */ = {isa = PBXBuildFile; fileRef = D6FACEDC2C819DF600A75058 /* ProfileViewController.swift */; };
/* End PBXBuildFile section */

/* Begin PBXContainerItemProxy section */
		818638C52B709C52002E5350 /* PBXContainerItemProxy */ = {
			isa = PBXContainerItemProxy;
			containerPortal = 818638A62B709C50002E5350 /* Project object */;
			proxyType = 1;
			remoteGlobalIDString = 818638AD2B709C50002E5350;
			remoteInfo = QuarChats;
		};
		818638CF2B709C52002E5350 /* PBXContainerItemProxy */ = {
			isa = PBXContainerItemProxy;
			containerPortal = 818638A62B709C50002E5350 /* Project object */;
			proxyType = 1;
			remoteGlobalIDString = 818638AD2B709C50002E5350;
			remoteInfo = QuarChats;
		};
		818638F12B709D08002E5350 /* PBXContainerItemProxy */ = {
			isa = PBXContainerItemProxy;
			containerPortal = 818638A62B709C50002E5350 /* Project object */;
			proxyType = 1;
			remoteGlobalIDString = 818638E52B709D08002E5350;
			remoteInfo = Window;
		};
		818638F32B709D08002E5350 /* PBXContainerItemProxy */ = {
			isa = PBXContainerItemProxy;
			containerPortal = 818638A62B709C50002E5350 /* Project object */;
			proxyType = 1;
			remoteGlobalIDString = 818638AD2B709C50002E5350;
			remoteInfo = QuarChats;
		};
		818638F92B709D08002E5350 /* PBXContainerItemProxy */ = {
			isa = PBXContainerItemProxy;
			containerPortal = 818638A62B709C50002E5350 /* Project object */;
			proxyType = 1;
			remoteGlobalIDString = 818638E52B709D08002E5350;
			remoteInfo = Window;
		};
		81D5E4512B737501008E0204 /* PBXContainerItemProxy */ = {
			isa = PBXContainerItemProxy;
			containerPortal = 818638A62B709C50002E5350 /* Project object */;
			proxyType = 1;
			remoteGlobalIDString = 81D5E4452B737501008E0204;
			remoteInfo = Landing;
		};
		81D5E4532B737502008E0204 /* PBXContainerItemProxy */ = {
			isa = PBXContainerItemProxy;
			containerPortal = 818638A62B709C50002E5350 /* Project object */;
			proxyType = 1;
			remoteGlobalIDString = 818638AD2B709C50002E5350;
			remoteInfo = QuarChats;
		};
		81D5E4592B737502008E0204 /* PBXContainerItemProxy */ = {
			isa = PBXContainerItemProxy;
			containerPortal = 818638A62B709C50002E5350 /* Project object */;
			proxyType = 1;
			remoteGlobalIDString = 81D5E4452B737501008E0204;
			remoteInfo = Landing;
		};
		81D5E4762B7379F2008E0204 /* PBXContainerItemProxy */ = {
			isa = PBXContainerItemProxy;
			containerPortal = 818638A62B709C50002E5350 /* Project object */;
			proxyType = 1;
			remoteGlobalIDString = 81D5E4712B7379F2008E0204;
			remoteInfo = Utility;
		};
/* End PBXContainerItemProxy section */

/* Begin PBXCopyFilesBuildPhase section */
		818639002B709D08002E5350 /* Embed Frameworks */ = {
			isa = PBXCopyFilesBuildPhase;
			buildActionMask = 2147483647;
			dstPath = "";
			dstSubfolderSpec = 10;
			files = (
				81D5E4792B7379F2008E0204 /* Utility.framework in Embed Frameworks */,
				81D5E45C2B737502008E0204 /* Landing.framework in Embed Frameworks */,
				818638FC2B709D08002E5350 /* Window.framework in Embed Frameworks */,
			);
			name = "Embed Frameworks";
			runOnlyForDeploymentPostprocessing = 0;
		};
/* End PBXCopyFilesBuildPhase section */

/* Begin PBXFileReference section */
		818638AE2B709C50002E5350 /* QuarChats.app */ = {isa = PBXFileReference; explicitFileType = wrapper.application; includeInIndex = 0; path = QuarChats.app; sourceTree = BUILT_PRODUCTS_DIR; };
		818638B12B709C50002E5350 /* AppDelegate.swift */ = {isa = PBXFileReference; lastKnownFileType = sourcecode.swift; path = AppDelegate.swift; sourceTree = "<group>"; };
		818638B32B709C50002E5350 /* SceneDelegate.swift */ = {isa = PBXFileReference; lastKnownFileType = sourcecode.swift; path = SceneDelegate.swift; sourceTree = "<group>"; };
		818638B52B709C50002E5350 /* ConversationsViewController.swift */ = {isa = PBXFileReference; lastKnownFileType = sourcecode.swift; path = ConversationsViewController.swift; sourceTree = "<group>"; };
		818638B82B709C50002E5350 /* Base */ = {isa = PBXFileReference; lastKnownFileType = file.storyboard; name = Base; path = Base.lproj/Main.storyboard; sourceTree = "<group>"; };
		818638BA2B709C52002E5350 /* Assets.xcassets */ = {isa = PBXFileReference; lastKnownFileType = folder.assetcatalog; path = Assets.xcassets; sourceTree = "<group>"; };
		818638BD2B709C52002E5350 /* Base */ = {isa = PBXFileReference; lastKnownFileType = file.storyboard; name = Base; path = Base.lproj/LaunchScreen.storyboard; sourceTree = "<group>"; };
		818638BF2B709C52002E5350 /* Info.plist */ = {isa = PBXFileReference; lastKnownFileType = text.plist.xml; path = Info.plist; sourceTree = "<group>"; };
		818638C42B709C52002E5350 /* QuarChatsTests.xctest */ = {isa = PBXFileReference; explicitFileType = wrapper.cfbundle; includeInIndex = 0; path = QuarChatsTests.xctest; sourceTree = BUILT_PRODUCTS_DIR; };
		818638C82B709C52002E5350 /* QuarChatsTests.swift */ = {isa = PBXFileReference; lastKnownFileType = sourcecode.swift; path = QuarChatsTests.swift; sourceTree = "<group>"; };
		818638CE2B709C52002E5350 /* QuarChatsUITests.xctest */ = {isa = PBXFileReference; explicitFileType = wrapper.cfbundle; includeInIndex = 0; path = QuarChatsUITests.xctest; sourceTree = BUILT_PRODUCTS_DIR; };
		818638D22B709C52002E5350 /* QuarChatsUITests.swift */ = {isa = PBXFileReference; lastKnownFileType = sourcecode.swift; path = QuarChatsUITests.swift; sourceTree = "<group>"; };
		818638D42B709C52002E5350 /* QuarChatsUITestsLaunchTests.swift */ = {isa = PBXFileReference; lastKnownFileType = sourcecode.swift; path = QuarChatsUITestsLaunchTests.swift; sourceTree = "<group>"; };
		818638E62B709D08002E5350 /* Window.framework */ = {isa = PBXFileReference; explicitFileType = wrapper.framework; includeInIndex = 0; path = Window.framework; sourceTree = BUILT_PRODUCTS_DIR; };
		818638EF2B709D08002E5350 /* WindowTests.xctest */ = {isa = PBXFileReference; explicitFileType = wrapper.cfbundle; includeInIndex = 0; path = WindowTests.xctest; sourceTree = BUILT_PRODUCTS_DIR; };
		81D5E4462B737501008E0204 /* Landing.framework */ = {isa = PBXFileReference; explicitFileType = wrapper.framework; includeInIndex = 0; path = Landing.framework; sourceTree = BUILT_PRODUCTS_DIR; };
		81D5E44F2B737501008E0204 /* LandingTests.xctest */ = {isa = PBXFileReference; explicitFileType = wrapper.cfbundle; includeInIndex = 0; path = LandingTests.xctest; sourceTree = BUILT_PRODUCTS_DIR; };
		81D5E4722B7379F2008E0204 /* Utility.framework */ = {isa = PBXFileReference; explicitFileType = wrapper.framework; includeInIndex = 0; path = Utility.framework; sourceTree = BUILT_PRODUCTS_DIR; };
		D6FACED22C819D8800A75058 /* LoginViewController.swift */ = {isa = PBXFileReference; lastKnownFileType = sourcecode.swift; path = LoginViewController.swift; sourceTree = "<group>"; };
		D6FACED42C819D9900A75058 /* RegisterViewController.swift */ = {isa = PBXFileReference; lastKnownFileType = sourcecode.swift; path = RegisterViewController.swift; sourceTree = "<group>"; };
		D6FACED62C819DB800A75058 /* PhotosViewerViewController.swift */ = {isa = PBXFileReference; lastKnownFileType = sourcecode.swift; path = PhotosViewerViewController.swift; sourceTree = "<group>"; };
		D6FACED82C819DC600A75058 /* VideoPlayerViewController.swift */ = {isa = PBXFileReference; lastKnownFileType = sourcecode.swift; path = VideoPlayerViewController.swift; sourceTree = "<group>"; };
		D6FACEDA2C819DDF00A75058 /* NewConversationViewController.swift */ = {isa = PBXFileReference; lastKnownFileType = sourcecode.swift; path = NewConversationViewController.swift; sourceTree = "<group>"; };
		D6FACEDC2C819DF600A75058 /* ProfileViewController.swift */ = {isa = PBXFileReference; lastKnownFileType = sourcecode.swift; path = ProfileViewController.swift; sourceTree = "<group>"; };
/* End PBXFileReference section */

/* Begin PBXFrameworksBuildPhase section */
		818638AB2B709C50002E5350 /* Frameworks */ = {
			isa = PBXFrameworksBuildPhase;
			buildActionMask = 2147483647;
			files = (
				81D5E4782B7379F2008E0204 /* Utility.framework in Frameworks */,
				81D5E45B2B737502008E0204 /* Landing.framework in Frameworks */,
				818638FB2B709D08002E5350 /* Window.framework in Frameworks */,
			);
			runOnlyForDeploymentPostprocessing = 0;
		};
		818638C12B709C52002E5350 /* Frameworks */ = {
			isa = PBXFrameworksBuildPhase;
			buildActionMask = 2147483647;
			files = (
			);
			runOnlyForDeploymentPostprocessing = 0;
		};
		818638CB2B709C52002E5350 /* Frameworks */ = {
			isa = PBXFrameworksBuildPhase;
			buildActionMask = 2147483647;
			files = (
			);
			runOnlyForDeploymentPostprocessing = 0;
		};
		818638E32B709D08002E5350 /* Frameworks */ = {
			isa = PBXFrameworksBuildPhase;
			buildActionMask = 2147483647;
			files = (
			);
			runOnlyForDeploymentPostprocessing = 0;
		};
		818638EC2B709D08002E5350 /* Frameworks */ = {
			isa = PBXFrameworksBuildPhase;
			buildActionMask = 2147483647;
			files = (
				818638F02B709D08002E5350 /* Window.framework in Frameworks */,
			);
			runOnlyForDeploymentPostprocessing = 0;
		};
		81D5E4432B737501008E0204 /* Frameworks */ = {
			isa = PBXFrameworksBuildPhase;
			buildActionMask = 2147483647;
			files = (
			);
			runOnlyForDeploymentPostprocessing = 0;
		};
		81D5E44C2B737501008E0204 /* Frameworks */ = {
			isa = PBXFrameworksBuildPhase;
			buildActionMask = 2147483647;
			files = (
				81D5E4502B737501008E0204 /* Landing.framework in Frameworks */,
			);
			runOnlyForDeploymentPostprocessing = 0;
		};
		81D5E46F2B7379F2008E0204 /* Frameworks */ = {
			isa = PBXFrameworksBuildPhase;
			buildActionMask = 2147483647;
			files = (
			);
			runOnlyForDeploymentPostprocessing = 0;
		};
/* End PBXFrameworksBuildPhase section */

/* Begin PBXGroup section */
		818638A52B709C50002E5350 = {
			isa = PBXGroup;
			children = (
				818638B02B709C50002E5350 /* QuarChats */,
				818638C72B709C52002E5350 /* QuarChatsTests */,
				818638D12B709C52002E5350 /* QuarChatsUITests */,
				818638AF2B709C50002E5350 /* Products */,
			);
			sourceTree = "<group>";
		};
		818638AF2B709C50002E5350 /* Products */ = {
			isa = PBXGroup;
			children = (
				818638AE2B709C50002E5350 /* QuarChats.app */,
				818638C42B709C52002E5350 /* QuarChatsTests.xctest */,
				818638CE2B709C52002E5350 /* QuarChatsUITests.xctest */,
				818638E62B709D08002E5350 /* Window.framework */,
				818638EF2B709D08002E5350 /* WindowTests.xctest */,
				81D5E4462B737501008E0204 /* Landing.framework */,
				81D5E44F2B737501008E0204 /* LandingTests.xctest */,
				81D5E4722B7379F2008E0204 /* Utility.framework */,
			);
			name = Products;
			sourceTree = "<group>";
		};
		818638B02B709C50002E5350 /* QuarChats */ = {
			isa = PBXGroup;
			children = (
				D6FACED02C819C3400A75058 /* Resources */,
				D6FACECF2C819C2D00A75058 /* ViewModels */,
				D6FACECE2C819C2700A75058 /* Models */,
				D6FACECD2C819C2300A75058 /* Views */,
				D6FACECC2C819C1D00A75058 /* Controllers */,
				818638BF2B709C52002E5350 /* Info.plist */,
			);
			path = QuarChats;
			sourceTree = "<group>";
		};
		818638C72B709C52002E5350 /* QuarChatsTests */ = {
			isa = PBXGroup;
			children = (
				818638C82B709C52002E5350 /* QuarChatsTests.swift */,
			);
			path = QuarChatsTests;
			sourceTree = "<group>";
		};
		818638D12B709C52002E5350 /* QuarChatsUITests */ = {
			isa = PBXGroup;
			children = (
				818638D22B709C52002E5350 /* QuarChatsUITests.swift */,
				818638D42B709C52002E5350 /* QuarChatsUITestsLaunchTests.swift */,
			);
			path = QuarChatsUITests;
			sourceTree = "<group>";
		};
		D6FACECC2C819C1D00A75058 /* Controllers */ = {
			isa = PBXGroup;
			children = (
				818638B52B709C50002E5350 /* ConversationsViewController.swift */,
				D6FACED22C819D8800A75058 /* LoginViewController.swift */,
				D6FACED42C819D9900A75058 /* RegisterViewController.swift */,
				D6FACED62C819DB800A75058 /* PhotosViewerViewController.swift */,
				D6FACED82C819DC600A75058 /* VideoPlayerViewController.swift */,
				D6FACEDA2C819DDF00A75058 /* NewConversationViewController.swift */,
				D6FACEDC2C819DF600A75058 /* ProfileViewController.swift */,
			);
			path = Controllers;
			sourceTree = "<group>";
		};
		D6FACECD2C819C2300A75058 /* Views */ = {
			isa = PBXGroup;
			children = (
				D6FACED12C819C5500A75058 /* Storyboards */,
				818638BA2B709C52002E5350 /* Assets.xcassets */,
			);
			path = Views;
			sourceTree = "<group>";
		};
		D6FACECE2C819C2700A75058 /* Models */ = {
			isa = PBXGroup;
			children = (
			);
			path = Models;
			sourceTree = "<group>";
		};
		D6FACECF2C819C2D00A75058 /* ViewModels */ = {
			isa = PBXGroup;
			children = (
			);
			path = ViewModels;
			sourceTree = "<group>";
		};
		D6FACED02C819C3400A75058 /* Resources */ = {
			isa = PBXGroup;
			children = (
				818638B12B709C50002E5350 /* AppDelegate.swift */,
				818638B32B709C50002E5350 /* SceneDelegate.swift */,
			);
			path = Resources;
			sourceTree = "<group>";
		};
		D6FACED12C819C5500A75058 /* Storyboards */ = {
			isa = PBXGroup;
			children = (
				818638B72B709C50002E5350 /* Main.storyboard */,
				818638BC2B709C52002E5350 /* LaunchScreen.storyboard */,
			);
			path = Storyboards;
			sourceTree = "<group>";
		};
/* End PBXGroup section */

/* Begin PBXHeadersBuildPhase section */
		818638E12B709D08002E5350 /* Headers */ = {
			isa = PBXHeadersBuildPhase;
			buildActionMask = 2147483647;
			files = (
			);
			runOnlyForDeploymentPostprocessing = 0;
		};
		81D5E4412B737501008E0204 /* Headers */ = {
			isa = PBXHeadersBuildPhase;
			buildActionMask = 2147483647;
			files = (
			);
			runOnlyForDeploymentPostprocessing = 0;
		};
		81D5E46D2B7379F2008E0204 /* Headers */ = {
			isa = PBXHeadersBuildPhase;
			buildActionMask = 2147483647;
			files = (
			);
			runOnlyForDeploymentPostprocessing = 0;
		};
/* End PBXHeadersBuildPhase section */

/* Begin PBXNativeTarget section */
		818638AD2B709C50002E5350 /* QuarChats */ = {
			isa = PBXNativeTarget;
			buildConfigurationList = 818638D82B709C52002E5350 /* Build configuration list for PBXNativeTarget "QuarChats" */;
			buildPhases = (
				818638AA2B709C50002E5350 /* Sources */,
				818638AB2B709C50002E5350 /* Frameworks */,
				818638AC2B709C50002E5350 /* Resources */,
				818639002B709D08002E5350 /* Embed Frameworks */,
			);
			buildRules = (
			);
			dependencies = (
				818638FA2B709D08002E5350 /* PBXTargetDependency */,
				81D5E45A2B737502008E0204 /* PBXTargetDependency */,
				81D5E4772B7379F2008E0204 /* PBXTargetDependency */,
			);
			name = QuarChats;
			productName = QuarChats;
			productReference = 818638AE2B709C50002E5350 /* QuarChats.app */;
			productType = "com.apple.product-type.application";
		};
		818638C32B709C52002E5350 /* QuarChatsTests */ = {
			isa = PBXNativeTarget;
			buildConfigurationList = 818638DB2B709C52002E5350 /* Build configuration list for PBXNativeTarget "QuarChatsTests" */;
			buildPhases = (
				818638C02B709C52002E5350 /* Sources */,
				818638C12B709C52002E5350 /* Frameworks */,
				818638C22B709C52002E5350 /* Resources */,
			);
			buildRules = (
			);
			dependencies = (
				818638C62B709C52002E5350 /* PBXTargetDependency */,
			);
			name = QuarChatsTests;
			productName = QuarChatsTests;
			productReference = 818638C42B709C52002E5350 /* QuarChatsTests.xctest */;
			productType = "com.apple.product-type.bundle.unit-test";
		};
		818638CD2B709C52002E5350 /* QuarChatsUITests */ = {
			isa = PBXNativeTarget;
			buildConfigurationList = 818638DE2B709C52002E5350 /* Build configuration list for PBXNativeTarget "QuarChatsUITests" */;
			buildPhases = (
				818638CA2B709C52002E5350 /* Sources */,
				818638CB2B709C52002E5350 /* Frameworks */,
				818638CC2B709C52002E5350 /* Resources */,
			);
			buildRules = (
			);
			dependencies = (
				818638D02B709C52002E5350 /* PBXTargetDependency */,
			);
			name = QuarChatsUITests;
			productName = QuarChatsUITests;
			productReference = 818638CE2B709C52002E5350 /* QuarChatsUITests.xctest */;
			productType = "com.apple.product-type.bundle.ui-testing";
		};
		818638E52B709D08002E5350 /* Window */ = {
			isa = PBXNativeTarget;
			buildConfigurationList = 818638FD2B709D08002E5350 /* Build configuration list for PBXNativeTarget "Window" */;
			buildPhases = (
				818638E12B709D08002E5350 /* Headers */,
				818638E22B709D08002E5350 /* Sources */,
				818638E32B709D08002E5350 /* Frameworks */,
				818638E42B709D08002E5350 /* Resources */,
			);
			buildRules = (
			);
			dependencies = (
			);
			name = Window;
			productName = Window;
			productReference = 818638E62B709D08002E5350 /* Window.framework */;
			productType = "com.apple.product-type.framework";
		};
		818638EE2B709D08002E5350 /* WindowTests */ = {
			isa = PBXNativeTarget;
			buildConfigurationList = 818639012B709D08002E5350 /* Build configuration list for PBXNativeTarget "WindowTests" */;
			buildPhases = (
				818638EB2B709D08002E5350 /* Sources */,
				818638EC2B709D08002E5350 /* Frameworks */,
				818638ED2B709D08002E5350 /* Resources */,
			);
			buildRules = (
			);
			dependencies = (
				818638F22B709D08002E5350 /* PBXTargetDependency */,
				818638F42B709D08002E5350 /* PBXTargetDependency */,
			);
			name = WindowTests;
			productName = WindowTests;
			productReference = 818638EF2B709D08002E5350 /* WindowTests.xctest */;
			productType = "com.apple.product-type.bundle.unit-test";
		};
		81D5E4452B737501008E0204 /* Landing */ = {
			isa = PBXNativeTarget;
			buildConfigurationList = 81D5E45D2B737502008E0204 /* Build configuration list for PBXNativeTarget "Landing" */;
			buildPhases = (
				81D5E4412B737501008E0204 /* Headers */,
				81D5E4422B737501008E0204 /* Sources */,
				81D5E4432B737501008E0204 /* Frameworks */,
				81D5E4442B737501008E0204 /* Resources */,
			);
			buildRules = (
			);
			dependencies = (
			);
			name = Landing;
			productName = Landing;
			productReference = 81D5E4462B737501008E0204 /* Landing.framework */;
			productType = "com.apple.product-type.framework";
		};
		81D5E44E2B737501008E0204 /* LandingTests */ = {
			isa = PBXNativeTarget;
			buildConfigurationList = 81D5E4602B737502008E0204 /* Build configuration list for PBXNativeTarget "LandingTests" */;
			buildPhases = (
				81D5E44B2B737501008E0204 /* Sources */,
				81D5E44C2B737501008E0204 /* Frameworks */,
				81D5E44D2B737501008E0204 /* Resources */,
			);
			buildRules = (
			);
			dependencies = (
				81D5E4522B737501008E0204 /* PBXTargetDependency */,
				81D5E4542B737502008E0204 /* PBXTargetDependency */,
			);
			name = LandingTests;
			productName = LandingTests;
			productReference = 81D5E44F2B737501008E0204 /* LandingTests.xctest */;
			productType = "com.apple.product-type.bundle.unit-test";
		};
		81D5E4712B7379F2008E0204 /* Utility */ = {
			isa = PBXNativeTarget;
			buildConfigurationList = 81D5E47A2B7379F2008E0204 /* Build configuration list for PBXNativeTarget "Utility" */;
			buildPhases = (
				81D5E46D2B7379F2008E0204 /* Headers */,
				81D5E46E2B7379F2008E0204 /* Sources */,
				81D5E46F2B7379F2008E0204 /* Frameworks */,
				81D5E4702B7379F2008E0204 /* Resources */,
			);
			buildRules = (
			);
			dependencies = (
			);
			name = Utility;
			productName = Utility;
			productReference = 81D5E4722B7379F2008E0204 /* Utility.framework */;
			productType = "com.apple.product-type.framework";
		};
/* End PBXNativeTarget section */

/* Begin PBXProject section */
		818638A62B709C50002E5350 /* Project object */ = {
			isa = PBXProject;
			attributes = {
				BuildIndependentTargetsInParallel = 1;
				LastSwiftUpdateCheck = 1520;
				LastUpgradeCheck = 1520;
				TargetAttributes = {
					818638AD2B709C50002E5350 = {
						CreatedOnToolsVersion = 15.2;
					};
					818638C32B709C52002E5350 = {
						CreatedOnToolsVersion = 15.2;
						TestTargetID = 818638AD2B709C50002E5350;
					};
					818638CD2B709C52002E5350 = {
						CreatedOnToolsVersion = 15.2;
						TestTargetID = 818638AD2B709C50002E5350;
					};
					818638E52B709D08002E5350 = {
						CreatedOnToolsVersion = 15.2;
					};
					818638EE2B709D08002E5350 = {
						CreatedOnToolsVersion = 15.2;
						TestTargetID = 818638AD2B709C50002E5350;
					};
					81D5E4452B737501008E0204 = {
						CreatedOnToolsVersion = 15.2;
					};
					81D5E44E2B737501008E0204 = {
						CreatedOnToolsVersion = 15.2;
						TestTargetID = 818638AD2B709C50002E5350;
					};
					81D5E4712B7379F2008E0204 = {
						CreatedOnToolsVersion = 15.2;
					};
				};
			};
			buildConfigurationList = 818638A92B709C50002E5350 /* Build configuration list for PBXProject "QuarChats" */;
			compatibilityVersion = "Xcode 14.0";
			developmentRegion = en;
			hasScannedForEncodings = 0;
			knownRegions = (
				en,
				Base,
			);
			mainGroup = 818638A52B709C50002E5350;
			productRefGroup = 818638AF2B709C50002E5350 /* Products */;
			projectDirPath = "";
			projectRoot = "";
			targets = (
				818638AD2B709C50002E5350 /* QuarChats */,
				818638C32B709C52002E5350 /* QuarChatsTests */,
				818638CD2B709C52002E5350 /* QuarChatsUITests */,
				818638E52B709D08002E5350 /* Window */,
				818638EE2B709D08002E5350 /* WindowTests */,
				81D5E4452B737501008E0204 /* Landing */,
				81D5E44E2B737501008E0204 /* LandingTests */,
				81D5E4712B7379F2008E0204 /* Utility */,
			);
		};
/* End PBXProject section */

/* Begin PBXResourcesBuildPhase section */
		818638AC2B709C50002E5350 /* Resources */ = {
			isa = PBXResourcesBuildPhase;
			buildActionMask = 2147483647;
			files = (
				818638BE2B709C52002E5350 /* LaunchScreen.storyboard in Resources */,
				818638BB2B709C52002E5350 /* Assets.xcassets in Resources */,
				818638B92B709C50002E5350 /* Main.storyboard in Resources */,
			);
			runOnlyForDeploymentPostprocessing = 0;
		};
		818638C22B709C52002E5350 /* Resources */ = {
			isa = PBXResourcesBuildPhase;
			buildActionMask = 2147483647;
			files = (
			);
			runOnlyForDeploymentPostprocessing = 0;
		};
		818638CC2B709C52002E5350 /* Resources */ = {
			isa = PBXResourcesBuildPhase;
			buildActionMask = 2147483647;
			files = (
			);
			runOnlyForDeploymentPostprocessing = 0;
		};
		818638E42B709D08002E5350 /* Resources */ = {
			isa = PBXResourcesBuildPhase;
			buildActionMask = 2147483647;
			files = (
			);
			runOnlyForDeploymentPostprocessing = 0;
		};
		818638ED2B709D08002E5350 /* Resources */ = {
			isa = PBXResourcesBuildPhase;
			buildActionMask = 2147483647;
			files = (
			);
			runOnlyForDeploymentPostprocessing = 0;
		};
		81D5E4442B737501008E0204 /* Resources */ = {
			isa = PBXResourcesBuildPhase;
			buildActionMask = 2147483647;
			files = (
			);
			runOnlyForDeploymentPostprocessing = 0;
		};
		81D5E44D2B737501008E0204 /* Resources */ = {
			isa = PBXResourcesBuildPhase;
			buildActionMask = 2147483647;
			files = (
			);
			runOnlyForDeploymentPostprocessing = 0;
		};
		81D5E4702B7379F2008E0204 /* Resources */ = {
			isa = PBXResourcesBuildPhase;
			buildActionMask = 2147483647;
			files = (
			);
			runOnlyForDeploymentPostprocessing = 0;
		};
/* End PBXResourcesBuildPhase section */

/* Begin PBXSourcesBuildPhase section */
		818638AA2B709C50002E5350 /* Sources */ = {
			isa = PBXSourcesBuildPhase;
			buildActionMask = 2147483647;
			files = (
				D6FACED72C819DB900A75058 /* PhotosViewerViewController.swift in Sources */,
				D6FACED32C819D8800A75058 /* LoginViewController.swift in Sources */,
				D6FACEDB2C819DDF00A75058 /* NewConversationViewController.swift in Sources */,
				D6FACED52C819D9900A75058 /* RegisterViewController.swift in Sources */,
				D6FACED92C819DC600A75058 /* VideoPlayerViewController.swift in Sources */,
				818638B62B709C50002E5350 /* ConversationsViewController.swift in Sources */,
				D6FACEDD2C819DF600A75058 /* ProfileViewController.swift in Sources */,
				818638B22B709C50002E5350 /* AppDelegate.swift in Sources */,
				818638B42B709C50002E5350 /* SceneDelegate.swift in Sources */,
			);
			runOnlyForDeploymentPostprocessing = 0;
		};
		818638C02B709C52002E5350 /* Sources */ = {
			isa = PBXSourcesBuildPhase;
			buildActionMask = 2147483647;
			files = (
				818638C92B709C52002E5350 /* QuarChatsTests.swift in Sources */,
			);
			runOnlyForDeploymentPostprocessing = 0;
		};
		818638CA2B709C52002E5350 /* Sources */ = {
			isa = PBXSourcesBuildPhase;
			buildActionMask = 2147483647;
			files = (
				818638D32B709C52002E5350 /* QuarChatsUITests.swift in Sources */,
				818638D52B709C52002E5350 /* QuarChatsUITestsLaunchTests.swift in Sources */,
			);
			runOnlyForDeploymentPostprocessing = 0;
		};
		818638E22B709D08002E5350 /* Sources */ = {
			isa = PBXSourcesBuildPhase;
			buildActionMask = 2147483647;
			files = (
			);
			runOnlyForDeploymentPostprocessing = 0;
		};
		818638EB2B709D08002E5350 /* Sources */ = {
			isa = PBXSourcesBuildPhase;
			buildActionMask = 2147483647;
			files = (
			);
			runOnlyForDeploymentPostprocessing = 0;
		};
		81D5E4422B737501008E0204 /* Sources */ = {
			isa = PBXSourcesBuildPhase;
			buildActionMask = 2147483647;
			files = (
			);
			runOnlyForDeploymentPostprocessing = 0;
		};
		81D5E44B2B737501008E0204 /* Sources */ = {
			isa = PBXSourcesBuildPhase;
			buildActionMask = 2147483647;
			files = (
			);
			runOnlyForDeploymentPostprocessing = 0;
		};
		81D5E46E2B7379F2008E0204 /* Sources */ = {
			isa = PBXSourcesBuildPhase;
			buildActionMask = 2147483647;
			files = (
			);
			runOnlyForDeploymentPostprocessing = 0;
		};
/* End PBXSourcesBuildPhase section */

/* Begin PBXTargetDependency section */
		818638C62B709C52002E5350 /* PBXTargetDependency */ = {
			isa = PBXTargetDependency;
			target = 818638AD2B709C50002E5350 /* QuarChats */;
			targetProxy = 818638C52B709C52002E5350 /* PBXContainerItemProxy */;
		};
		818638D02B709C52002E5350 /* PBXTargetDependency */ = {
			isa = PBXTargetDependency;
			target = 818638AD2B709C50002E5350 /* QuarChats */;
			targetProxy = 818638CF2B709C52002E5350 /* PBXContainerItemProxy */;
		};
		818638F22B709D08002E5350 /* PBXTargetDependency */ = {
			isa = PBXTargetDependency;
			target = 818638E52B709D08002E5350 /* Window */;
			targetProxy = 818638F12B709D08002E5350 /* PBXContainerItemProxy */;
		};
		818638F42B709D08002E5350 /* PBXTargetDependency */ = {
			isa = PBXTargetDependency;
			target = 818638AD2B709C50002E5350 /* QuarChats */;
			targetProxy = 818638F32B709D08002E5350 /* PBXContainerItemProxy */;
		};
		818638FA2B709D08002E5350 /* PBXTargetDependency */ = {
			isa = PBXTargetDependency;
			target = 818638E52B709D08002E5350 /* Window */;
			targetProxy = 818638F92B709D08002E5350 /* PBXContainerItemProxy */;
		};
		81D5E4522B737501008E0204 /* PBXTargetDependency */ = {
			isa = PBXTargetDependency;
			target = 81D5E4452B737501008E0204 /* Landing */;
			targetProxy = 81D5E4512B737501008E0204 /* PBXContainerItemProxy */;
		};
		81D5E4542B737502008E0204 /* PBXTargetDependency */ = {
			isa = PBXTargetDependency;
			target = 818638AD2B709C50002E5350 /* QuarChats */;
			targetProxy = 81D5E4532B737502008E0204 /* PBXContainerItemProxy */;
		};
		81D5E45A2B737502008E0204 /* PBXTargetDependency */ = {
			isa = PBXTargetDependency;
			target = 81D5E4452B737501008E0204 /* Landing */;
			targetProxy = 81D5E4592B737502008E0204 /* PBXContainerItemProxy */;
		};
		81D5E4772B7379F2008E0204 /* PBXTargetDependency */ = {
			isa = PBXTargetDependency;
			target = 81D5E4712B7379F2008E0204 /* Utility */;
			targetProxy = 81D5E4762B7379F2008E0204 /* PBXContainerItemProxy */;
		};
/* End PBXTargetDependency section */

/* Begin PBXVariantGroup section */
		818638B72B709C50002E5350 /* Main.storyboard */ = {
			isa = PBXVariantGroup;
			children = (
				818638B82B709C50002E5350 /* Base */,
			);
			name = Main.storyboard;
			sourceTree = "<group>";
		};
		818638BC2B709C52002E5350 /* LaunchScreen.storyboard */ = {
			isa = PBXVariantGroup;
			children = (
				818638BD2B709C52002E5350 /* Base */,
			);
			name = LaunchScreen.storyboard;
			sourceTree = "<group>";
		};
/* End PBXVariantGroup section */

/* Begin XCBuildConfiguration section */
		818638D62B709C52002E5350 /* Debug */ = {
			isa = XCBuildConfiguration;
			buildSettings = {
				ALWAYS_SEARCH_USER_PATHS = NO;
				ASSETCATALOG_COMPILER_GENERATE_SWIFT_ASSET_SYMBOL_EXTENSIONS = YES;
				CLANG_ANALYZER_NONNULL = YES;
				CLANG_ANALYZER_NUMBER_OBJECT_CONVERSION = YES_AGGRESSIVE;
				CLANG_CXX_LANGUAGE_STANDARD = "gnu++20";
				CLANG_ENABLE_MODULES = YES;
				CLANG_ENABLE_OBJC_ARC = YES;
				CLANG_ENABLE_OBJC_WEAK = YES;
				CLANG_WARN_BLOCK_CAPTURE_AUTORELEASING = YES;
				CLANG_WARN_BOOL_CONVERSION = YES;
				CLANG_WARN_COMMA = YES;
				CLANG_WARN_CONSTANT_CONVERSION = YES;
				CLANG_WARN_DEPRECATED_OBJC_IMPLEMENTATIONS = YES;
				CLANG_WARN_DIRECT_OBJC_ISA_USAGE = YES_ERROR;
				CLANG_WARN_DOCUMENTATION_COMMENTS = YES;
				CLANG_WARN_EMPTY_BODY = YES;
				CLANG_WARN_ENUM_CONVERSION = YES;
				CLANG_WARN_INFINITE_RECURSION = YES;
				CLANG_WARN_INT_CONVERSION = YES;
				CLANG_WARN_NON_LITERAL_NULL_CONVERSION = YES;
				CLANG_WARN_OBJC_IMPLICIT_RETAIN_SELF = YES;
				CLANG_WARN_OBJC_LITERAL_CONVERSION = YES;
				CLANG_WARN_OBJC_ROOT_CLASS = YES_ERROR;
				CLANG_WARN_QUOTED_INCLUDE_IN_FRAMEWORK_HEADER = YES;
				CLANG_WARN_RANGE_LOOP_ANALYSIS = YES;
				CLANG_WARN_STRICT_PROTOTYPES = YES;
				CLANG_WARN_SUSPICIOUS_MOVE = YES;
				CLANG_WARN_UNGUARDED_AVAILABILITY = YES_AGGRESSIVE;
				CLANG_WARN_UNREACHABLE_CODE = YES;
				CLANG_WARN__DUPLICATE_METHOD_MATCH = YES;
				COPY_PHASE_STRIP = NO;
				DEBUG_INFORMATION_FORMAT = dwarf;
				ENABLE_STRICT_OBJC_MSGSEND = YES;
				ENABLE_TESTABILITY = YES;
				ENABLE_USER_SCRIPT_SANDBOXING = YES;
				GCC_C_LANGUAGE_STANDARD = gnu17;
				GCC_DYNAMIC_NO_PIC = NO;
				GCC_NO_COMMON_BLOCKS = YES;
				GCC_OPTIMIZATION_LEVEL = 0;
				GCC_PREPROCESSOR_DEFINITIONS = (
					"DEBUG=1",
					"$(inherited)",
				);
				GCC_WARN_64_TO_32_BIT_CONVERSION = YES;
				GCC_WARN_ABOUT_RETURN_TYPE = YES_ERROR;
				GCC_WARN_UNDECLARED_SELECTOR = YES;
				GCC_WARN_UNINITIALIZED_AUTOS = YES_AGGRESSIVE;
				GCC_WARN_UNUSED_FUNCTION = YES;
				GCC_WARN_UNUSED_VARIABLE = YES;
				IPHONEOS_DEPLOYMENT_TARGET = 17.2;
				LOCALIZATION_PREFERS_STRING_CATALOGS = YES;
				MTL_ENABLE_DEBUG_INFO = INCLUDE_SOURCE;
				MTL_FAST_MATH = YES;
				ONLY_ACTIVE_ARCH = YES;
				SDKROOT = iphoneos;
				SWIFT_ACTIVE_COMPILATION_CONDITIONS = "DEBUG $(inherited)";
				SWIFT_OPTIMIZATION_LEVEL = "-Onone";
			};
			name = Debug;
		};
		818638D72B709C52002E5350 /* Release */ = {
			isa = XCBuildConfiguration;
			buildSettings = {
				ALWAYS_SEARCH_USER_PATHS = NO;
				ASSETCATALOG_COMPILER_GENERATE_SWIFT_ASSET_SYMBOL_EXTENSIONS = YES;
				CLANG_ANALYZER_NONNULL = YES;
				CLANG_ANALYZER_NUMBER_OBJECT_CONVERSION = YES_AGGRESSIVE;
				CLANG_CXX_LANGUAGE_STANDARD = "gnu++20";
				CLANG_ENABLE_MODULES = YES;
				CLANG_ENABLE_OBJC_ARC = YES;
				CLANG_ENABLE_OBJC_WEAK = YES;
				CLANG_WARN_BLOCK_CAPTURE_AUTORELEASING = YES;
				CLANG_WARN_BOOL_CONVERSION = YES;
				CLANG_WARN_COMMA = YES;
				CLANG_WARN_CONSTANT_CONVERSION = YES;
				CLANG_WARN_DEPRECATED_OBJC_IMPLEMENTATIONS = YES;
				CLANG_WARN_DIRECT_OBJC_ISA_USAGE = YES_ERROR;
				CLANG_WARN_DOCUMENTATION_COMMENTS = YES;
				CLANG_WARN_EMPTY_BODY = YES;
				CLANG_WARN_ENUM_CONVERSION = YES;
				CLANG_WARN_INFINITE_RECURSION = YES;
				CLANG_WARN_INT_CONVERSION = YES;
				CLANG_WARN_NON_LITERAL_NULL_CONVERSION = YES;
				CLANG_WARN_OBJC_IMPLICIT_RETAIN_SELF = YES;
				CLANG_WARN_OBJC_LITERAL_CONVERSION = YES;
				CLANG_WARN_OBJC_ROOT_CLASS = YES_ERROR;
				CLANG_WARN_QUOTED_INCLUDE_IN_FRAMEWORK_HEADER = YES;
				CLANG_WARN_RANGE_LOOP_ANALYSIS = YES;
				CLANG_WARN_STRICT_PROTOTYPES = YES;
				CLANG_WARN_SUSPICIOUS_MOVE = YES;
				CLANG_WARN_UNGUARDED_AVAILABILITY = YES_AGGRESSIVE;
				CLANG_WARN_UNREACHABLE_CODE = YES;
				CLANG_WARN__DUPLICATE_METHOD_MATCH = YES;
				COPY_PHASE_STRIP = NO;
				DEBUG_INFORMATION_FORMAT = "dwarf-with-dsym";
				ENABLE_NS_ASSERTIONS = NO;
				ENABLE_STRICT_OBJC_MSGSEND = YES;
				ENABLE_USER_SCRIPT_SANDBOXING = YES;
				GCC_C_LANGUAGE_STANDARD = gnu17;
				GCC_NO_COMMON_BLOCKS = YES;
				GCC_WARN_64_TO_32_BIT_CONVERSION = YES;
				GCC_WARN_ABOUT_RETURN_TYPE = YES_ERROR;
				GCC_WARN_UNDECLARED_SELECTOR = YES;
				GCC_WARN_UNINITIALIZED_AUTOS = YES_AGGRESSIVE;
				GCC_WARN_UNUSED_FUNCTION = YES;
				GCC_WARN_UNUSED_VARIABLE = YES;
				IPHONEOS_DEPLOYMENT_TARGET = 17.2;
				LOCALIZATION_PREFERS_STRING_CATALOGS = YES;
				MTL_ENABLE_DEBUG_INFO = NO;
				MTL_FAST_MATH = YES;
				SDKROOT = iphoneos;
				SWIFT_COMPILATION_MODE = wholemodule;
				VALIDATE_PRODUCT = YES;
			};
			name = Release;
		};
		818638D92B709C52002E5350 /* Debug */ = {
			isa = XCBuildConfiguration;
			buildSettings = {
				ASSETCATALOG_COMPILER_APPICON_NAME = AppIcon;
				ASSETCATALOG_COMPILER_GLOBAL_ACCENT_COLOR_NAME = AccentColor;
				CODE_SIGN_STYLE = Automatic;
				CURRENT_PROJECT_VERSION = 1;
				DEVELOPMENT_TEAM = N676ZFA7W8;
				GENERATE_INFOPLIST_FILE = YES;
				INFOPLIST_FILE = QuarChats/Info.plist;
				INFOPLIST_KEY_UIApplicationSupportsIndirectInputEvents = YES;
				INFOPLIST_KEY_UILaunchStoryboardName = LaunchScreen;
				INFOPLIST_KEY_UIMainStoryboardFile = Main;
				INFOPLIST_KEY_UISupportedInterfaceOrientations = UIInterfaceOrientationPortrait;
				INFOPLIST_KEY_UISupportedInterfaceOrientations_iPad = "UIInterfaceOrientationPortrait UIInterfaceOrientationPortraitUpsideDown";
				IPHONEOS_DEPLOYMENT_TARGET = 13.0;
				LD_RUNPATH_SEARCH_PATHS = (
					"$(inherited)",
					"@executable_path/Frameworks",
				);
				MARKETING_VERSION = 1.0;
				PRODUCT_BUNDLE_IDENTIFIER = quarang.QuarChats;
				PRODUCT_NAME = "$(TARGET_NAME)";
				SWIFT_EMIT_LOC_STRINGS = YES;
				SWIFT_VERSION = 5.0;
				TARGETED_DEVICE_FAMILY = "1,2";
			};
			name = Debug;
		};
		818638DA2B709C52002E5350 /* Release */ = {
			isa = XCBuildConfiguration;
			buildSettings = {
				ASSETCATALOG_COMPILER_APPICON_NAME = AppIcon;
				ASSETCATALOG_COMPILER_GLOBAL_ACCENT_COLOR_NAME = AccentColor;
				CODE_SIGN_STYLE = Automatic;
				CURRENT_PROJECT_VERSION = 1;
				DEVELOPMENT_TEAM = N676ZFA7W8;
				GENERATE_INFOPLIST_FILE = YES;
				INFOPLIST_FILE = QuarChats/Info.plist;
				INFOPLIST_KEY_UIApplicationSupportsIndirectInputEvents = YES;
				INFOPLIST_KEY_UILaunchStoryboardName = LaunchScreen;
				INFOPLIST_KEY_UIMainStoryboardFile = Main;
				INFOPLIST_KEY_UISupportedInterfaceOrientations = UIInterfaceOrientationPortrait;
				INFOPLIST_KEY_UISupportedInterfaceOrientations_iPad = "UIInterfaceOrientationPortrait UIInterfaceOrientationPortraitUpsideDown";
				IPHONEOS_DEPLOYMENT_TARGET = 13.0;
				LD_RUNPATH_SEARCH_PATHS = (
					"$(inherited)",
					"@executable_path/Frameworks",
				);
				MARKETING_VERSION = 1.0;
				PRODUCT_BUNDLE_IDENTIFIER = quarang.QuarChats;
				PRODUCT_NAME = "$(TARGET_NAME)";
				SWIFT_EMIT_LOC_STRINGS = YES;
				SWIFT_VERSION = 5.0;
				TARGETED_DEVICE_FAMILY = "1,2";
			};
			name = Release;
		};
		818638DC2B709C52002E5350 /* Debug */ = {
			isa = XCBuildConfiguration;
			buildSettings = {
				ALWAYS_EMBED_SWIFT_STANDARD_LIBRARIES = YES;
				BUNDLE_LOADER = "$(TEST_HOST)";
				CODE_SIGN_STYLE = Automatic;
				CURRENT_PROJECT_VERSION = 1;
				DEVELOPMENT_TEAM = N676ZFA7W8;
				GENERATE_INFOPLIST_FILE = YES;
				IPHONEOS_DEPLOYMENT_TARGET = 17.2;
				MARKETING_VERSION = 1.0;
				PRODUCT_BUNDLE_IDENTIFIER = quarang.QuarChatsTests;
				PRODUCT_NAME = "$(TARGET_NAME)";
				SWIFT_EMIT_LOC_STRINGS = NO;
				SWIFT_VERSION = 5.0;
				TARGETED_DEVICE_FAMILY = "1,2";
				TEST_HOST = "$(BUILT_PRODUCTS_DIR)/QuarChats.app/$(BUNDLE_EXECUTABLE_FOLDER_PATH)/QuarChats";
			};
			name = Debug;
		};
		818638DD2B709C52002E5350 /* Release */ = {
			isa = XCBuildConfiguration;
			buildSettings = {
				ALWAYS_EMBED_SWIFT_STANDARD_LIBRARIES = YES;
				BUNDLE_LOADER = "$(TEST_HOST)";
				CODE_SIGN_STYLE = Automatic;
				CURRENT_PROJECT_VERSION = 1;
				DEVELOPMENT_TEAM = N676ZFA7W8;
				GENERATE_INFOPLIST_FILE = YES;
				IPHONEOS_DEPLOYMENT_TARGET = 17.2;
				MARKETING_VERSION = 1.0;
				PRODUCT_BUNDLE_IDENTIFIER = quarang.QuarChatsTests;
				PRODUCT_NAME = "$(TARGET_NAME)";
				SWIFT_EMIT_LOC_STRINGS = NO;
				SWIFT_VERSION = 5.0;
				TARGETED_DEVICE_FAMILY = "1,2";
				TEST_HOST = "$(BUILT_PRODUCTS_DIR)/QuarChats.app/$(BUNDLE_EXECUTABLE_FOLDER_PATH)/QuarChats";
			};
			name = Release;
		};
		818638DF2B709C52002E5350 /* Debug */ = {
			isa = XCBuildConfiguration;
			buildSettings = {
				ALWAYS_EMBED_SWIFT_STANDARD_LIBRARIES = YES;
				CODE_SIGN_STYLE = Automatic;
				CURRENT_PROJECT_VERSION = 1;
				DEVELOPMENT_TEAM = N676ZFA7W8;
				GENERATE_INFOPLIST_FILE = YES;
				MARKETING_VERSION = 1.0;
				PRODUCT_BUNDLE_IDENTIFIER = quarang.QuarChatsUITests;
				PRODUCT_NAME = "$(TARGET_NAME)";
				SWIFT_EMIT_LOC_STRINGS = NO;
				SWIFT_VERSION = 5.0;
				TARGETED_DEVICE_FAMILY = "1,2";
				TEST_TARGET_NAME = QuarChats;
			};
			name = Debug;
		};
		818638E02B709C52002E5350 /* Release */ = {
			isa = XCBuildConfiguration;
			buildSettings = {
				ALWAYS_EMBED_SWIFT_STANDARD_LIBRARIES = YES;
				CODE_SIGN_STYLE = Automatic;
				CURRENT_PROJECT_VERSION = 1;
				DEVELOPMENT_TEAM = N676ZFA7W8;
				GENERATE_INFOPLIST_FILE = YES;
				MARKETING_VERSION = 1.0;
				PRODUCT_BUNDLE_IDENTIFIER = quarang.QuarChatsUITests;
				PRODUCT_NAME = "$(TARGET_NAME)";
				SWIFT_EMIT_LOC_STRINGS = NO;
				SWIFT_VERSION = 5.0;
				TARGETED_DEVICE_FAMILY = "1,2";
				TEST_TARGET_NAME = QuarChats;
			};
			name = Release;
		};
		818638FE2B709D08002E5350 /* Debug */ = {
			isa = XCBuildConfiguration;
			buildSettings = {
				CODE_SIGN_STYLE = Automatic;
				CURRENT_PROJECT_VERSION = 1;
				DEFINES_MODULE = YES;
				DEVELOPMENT_TEAM = N676ZFA7W8;
				DYLIB_COMPATIBILITY_VERSION = 1;
				DYLIB_CURRENT_VERSION = 1;
				DYLIB_INSTALL_NAME_BASE = "@rpath";
				ENABLE_MODULE_VERIFIER = YES;
				GENERATE_INFOPLIST_FILE = YES;
				INFOPLIST_KEY_NSHumanReadableCopyright = "";
				INSTALL_PATH = "$(LOCAL_LIBRARY_DIR)/Frameworks";
				LD_RUNPATH_SEARCH_PATHS = (
					"$(inherited)",
					"@executable_path/Frameworks",
					"@loader_path/Frameworks",
				);
				MARKETING_VERSION = 1.0;
				MODULE_VERIFIER_SUPPORTED_LANGUAGES = "objective-c objective-c++";
				MODULE_VERIFIER_SUPPORTED_LANGUAGE_STANDARDS = "gnu17 gnu++20";
				PRODUCT_BUNDLE_IDENTIFIER = quarang.Window;
				PRODUCT_NAME = "$(TARGET_NAME:c99extidentifier)";
				SKIP_INSTALL = YES;
				SWIFT_EMIT_LOC_STRINGS = YES;
				SWIFT_VERSION = 5.0;
				TARGETED_DEVICE_FAMILY = "1,2";
				VERSIONING_SYSTEM = "apple-generic";
				VERSION_INFO_PREFIX = "";
			};
			name = Debug;
		};
		818638FF2B709D08002E5350 /* Release */ = {
			isa = XCBuildConfiguration;
			buildSettings = {
				CODE_SIGN_STYLE = Automatic;
				CURRENT_PROJECT_VERSION = 1;
				DEFINES_MODULE = YES;
				DEVELOPMENT_TEAM = N676ZFA7W8;
				DYLIB_COMPATIBILITY_VERSION = 1;
				DYLIB_CURRENT_VERSION = 1;
				DYLIB_INSTALL_NAME_BASE = "@rpath";
				ENABLE_MODULE_VERIFIER = YES;
				GENERATE_INFOPLIST_FILE = YES;
				INFOPLIST_KEY_NSHumanReadableCopyright = "";
				INSTALL_PATH = "$(LOCAL_LIBRARY_DIR)/Frameworks";
				LD_RUNPATH_SEARCH_PATHS = (
					"$(inherited)",
					"@executable_path/Frameworks",
					"@loader_path/Frameworks",
				);
				MARKETING_VERSION = 1.0;
				MODULE_VERIFIER_SUPPORTED_LANGUAGES = "objective-c objective-c++";
				MODULE_VERIFIER_SUPPORTED_LANGUAGE_STANDARDS = "gnu17 gnu++20";
				PRODUCT_BUNDLE_IDENTIFIER = quarang.Window;
				PRODUCT_NAME = "$(TARGET_NAME:c99extidentifier)";
				SKIP_INSTALL = YES;
				SWIFT_EMIT_LOC_STRINGS = YES;
				SWIFT_VERSION = 5.0;
				TARGETED_DEVICE_FAMILY = "1,2";
				VERSIONING_SYSTEM = "apple-generic";
				VERSION_INFO_PREFIX = "";
			};
			name = Release;
		};
		818639022B709D08002E5350 /* Debug */ = {
			isa = XCBuildConfiguration;
			buildSettings = {
				CODE_SIGN_STYLE = Automatic;
				CURRENT_PROJECT_VERSION = 1;
				DEVELOPMENT_TEAM = N676ZFA7W8;
				GENERATE_INFOPLIST_FILE = YES;
				MARKETING_VERSION = 1.0;
				PRODUCT_BUNDLE_IDENTIFIER = quarang.WindowTests;
				PRODUCT_NAME = "$(TARGET_NAME)";
				SWIFT_EMIT_LOC_STRINGS = NO;
				SWIFT_VERSION = 5.0;
				TARGETED_DEVICE_FAMILY = "1,2";
				TEST_HOST = "$(BUILT_PRODUCTS_DIR)/QuarChats.app/$(BUNDLE_EXECUTABLE_FOLDER_PATH)/QuarChats";
			};
			name = Debug;
		};
		818639032B709D08002E5350 /* Release */ = {
			isa = XCBuildConfiguration;
			buildSettings = {
				CODE_SIGN_STYLE = Automatic;
				CURRENT_PROJECT_VERSION = 1;
				DEVELOPMENT_TEAM = N676ZFA7W8;
				GENERATE_INFOPLIST_FILE = YES;
				MARKETING_VERSION = 1.0;
				PRODUCT_BUNDLE_IDENTIFIER = quarang.WindowTests;
				PRODUCT_NAME = "$(TARGET_NAME)";
				SWIFT_EMIT_LOC_STRINGS = NO;
				SWIFT_VERSION = 5.0;
				TARGETED_DEVICE_FAMILY = "1,2";
				TEST_HOST = "$(BUILT_PRODUCTS_DIR)/QuarChats.app/$(BUNDLE_EXECUTABLE_FOLDER_PATH)/QuarChats";
			};
			name = Release;
		};
		81D5E45E2B737502008E0204 /* Debug */ = {
			isa = XCBuildConfiguration;
			buildSettings = {
				CODE_SIGN_STYLE = Automatic;
				CURRENT_PROJECT_VERSION = 1;
				DEFINES_MODULE = YES;
				DEVELOPMENT_TEAM = N676ZFA7W8;
				DYLIB_COMPATIBILITY_VERSION = 1;
				DYLIB_CURRENT_VERSION = 1;
				DYLIB_INSTALL_NAME_BASE = "@rpath";
				ENABLE_MODULE_VERIFIER = YES;
				GENERATE_INFOPLIST_FILE = YES;
				INFOPLIST_KEY_NSHumanReadableCopyright = "";
				INSTALL_PATH = "$(LOCAL_LIBRARY_DIR)/Frameworks";
				LD_RUNPATH_SEARCH_PATHS = (
					"$(inherited)",
					"@executable_path/Frameworks",
					"@loader_path/Frameworks",
				);
				MARKETING_VERSION = 1.0;
				MODULE_VERIFIER_SUPPORTED_LANGUAGES = "objective-c objective-c++";
				MODULE_VERIFIER_SUPPORTED_LANGUAGE_STANDARDS = "gnu17 gnu++20";
				PRODUCT_BUNDLE_IDENTIFIER = quarang.Landing;
				PRODUCT_NAME = "$(TARGET_NAME:c99extidentifier)";
				SKIP_INSTALL = YES;
				SWIFT_EMIT_LOC_STRINGS = YES;
				SWIFT_VERSION = 5.0;
				TARGETED_DEVICE_FAMILY = "1,2";
				VERSIONING_SYSTEM = "apple-generic";
				VERSION_INFO_PREFIX = "";
			};
			name = Debug;
		};
		81D5E45F2B737502008E0204 /* Release */ = {
			isa = XCBuildConfiguration;
			buildSettings = {
				CODE_SIGN_STYLE = Automatic;
				CURRENT_PROJECT_VERSION = 1;
				DEFINES_MODULE = YES;
				DEVELOPMENT_TEAM = N676ZFA7W8;
				DYLIB_COMPATIBILITY_VERSION = 1;
				DYLIB_CURRENT_VERSION = 1;
				DYLIB_INSTALL_NAME_BASE = "@rpath";
				ENABLE_MODULE_VERIFIER = YES;
				GENERATE_INFOPLIST_FILE = YES;
				INFOPLIST_KEY_NSHumanReadableCopyright = "";
				INSTALL_PATH = "$(LOCAL_LIBRARY_DIR)/Frameworks";
				LD_RUNPATH_SEARCH_PATHS = (
					"$(inherited)",
					"@executable_path/Frameworks",
					"@loader_path/Frameworks",
				);
				MARKETING_VERSION = 1.0;
				MODULE_VERIFIER_SUPPORTED_LANGUAGES = "objective-c objective-c++";
				MODULE_VERIFIER_SUPPORTED_LANGUAGE_STANDARDS = "gnu17 gnu++20";
				PRODUCT_BUNDLE_IDENTIFIER = quarang.Landing;
				PRODUCT_NAME = "$(TARGET_NAME:c99extidentifier)";
				SKIP_INSTALL = YES;
				SWIFT_EMIT_LOC_STRINGS = YES;
				SWIFT_VERSION = 5.0;
				TARGETED_DEVICE_FAMILY = "1,2";
				VERSIONING_SYSTEM = "apple-generic";
				VERSION_INFO_PREFIX = "";
			};
			name = Release;
		};
		81D5E4612B737502008E0204 /* Debug */ = {
			isa = XCBuildConfiguration;
			buildSettings = {
				CODE_SIGN_STYLE = Automatic;
				CURRENT_PROJECT_VERSION = 1;
				DEVELOPMENT_TEAM = N676ZFA7W8;
				GENERATE_INFOPLIST_FILE = YES;
				MARKETING_VERSION = 1.0;
				PRODUCT_BUNDLE_IDENTIFIER = quarang.LandingTests;
				PRODUCT_NAME = "$(TARGET_NAME)";
				SWIFT_EMIT_LOC_STRINGS = NO;
				SWIFT_VERSION = 5.0;
				TARGETED_DEVICE_FAMILY = "1,2";
				TEST_HOST = "$(BUILT_PRODUCTS_DIR)/QuarChats.app/$(BUNDLE_EXECUTABLE_FOLDER_PATH)/QuarChats";
			};
			name = Debug;
		};
		81D5E4622B737502008E0204 /* Release */ = {
			isa = XCBuildConfiguration;
			buildSettings = {
				CODE_SIGN_STYLE = Automatic;
				CURRENT_PROJECT_VERSION = 1;
				DEVELOPMENT_TEAM = N676ZFA7W8;
				GENERATE_INFOPLIST_FILE = YES;
				MARKETING_VERSION = 1.0;
				PRODUCT_BUNDLE_IDENTIFIER = quarang.LandingTests;
				PRODUCT_NAME = "$(TARGET_NAME)";
				SWIFT_EMIT_LOC_STRINGS = NO;
				SWIFT_VERSION = 5.0;
				TARGETED_DEVICE_FAMILY = "1,2";
				TEST_HOST = "$(BUILT_PRODUCTS_DIR)/QuarChats.app/$(BUNDLE_EXECUTABLE_FOLDER_PATH)/QuarChats";
			};
			name = Release;
		};
		81D5E47B2B7379F2008E0204 /* Debug */ = {
			isa = XCBuildConfiguration;
			buildSettings = {
				CODE_SIGN_STYLE = Automatic;
				CURRENT_PROJECT_VERSION = 1;
				DEFINES_MODULE = YES;
				DEVELOPMENT_TEAM = N676ZFA7W8;
				DYLIB_COMPATIBILITY_VERSION = 1;
				DYLIB_CURRENT_VERSION = 1;
				DYLIB_INSTALL_NAME_BASE = "@rpath";
				ENABLE_MODULE_VERIFIER = YES;
				GENERATE_INFOPLIST_FILE = YES;
				INFOPLIST_KEY_NSHumanReadableCopyright = "";
				INSTALL_PATH = "$(LOCAL_LIBRARY_DIR)/Frameworks";
				LD_RUNPATH_SEARCH_PATHS = (
					"$(inherited)",
					"@executable_path/Frameworks",
					"@loader_path/Frameworks",
				);
				MARKETING_VERSION = 1.0;
				MODULE_VERIFIER_SUPPORTED_LANGUAGES = "objective-c objective-c++";
				MODULE_VERIFIER_SUPPORTED_LANGUAGE_STANDARDS = "gnu17 gnu++20";
				PRODUCT_BUNDLE_IDENTIFIER = quarang.Utility;
				PRODUCT_NAME = "$(TARGET_NAME:c99extidentifier)";
				SKIP_INSTALL = YES;
				SWIFT_EMIT_LOC_STRINGS = YES;
				SWIFT_VERSION = 5.0;
				TARGETED_DEVICE_FAMILY = "1,2";
				VERSIONING_SYSTEM = "apple-generic";
				VERSION_INFO_PREFIX = "";
			};
			name = Debug;
		};
		81D5E47C2B7379F2008E0204 /* Release */ = {
			isa = XCBuildConfiguration;
			buildSettings = {
				CODE_SIGN_STYLE = Automatic;
				CURRENT_PROJECT_VERSION = 1;
				DEFINES_MODULE = YES;
				DEVELOPMENT_TEAM = N676ZFA7W8;
				DYLIB_COMPATIBILITY_VERSION = 1;
				DYLIB_CURRENT_VERSION = 1;
				DYLIB_INSTALL_NAME_BASE = "@rpath";
				ENABLE_MODULE_VERIFIER = YES;
				GENERATE_INFOPLIST_FILE = YES;
				INFOPLIST_KEY_NSHumanReadableCopyright = "";
				INSTALL_PATH = "$(LOCAL_LIBRARY_DIR)/Frameworks";
				LD_RUNPATH_SEARCH_PATHS = (
					"$(inherited)",
					"@executable_path/Frameworks",
					"@loader_path/Frameworks",
				);
				MARKETING_VERSION = 1.0;
				MODULE_VERIFIER_SUPPORTED_LANGUAGES = "objective-c objective-c++";
				MODULE_VERIFIER_SUPPORTED_LANGUAGE_STANDARDS = "gnu17 gnu++20";
				PRODUCT_BUNDLE_IDENTIFIER = quarang.Utility;
				PRODUCT_NAME = "$(TARGET_NAME:c99extidentifier)";
				SKIP_INSTALL = YES;
				SWIFT_EMIT_LOC_STRINGS = YES;
				SWIFT_VERSION = 5.0;
				TARGETED_DEVICE_FAMILY = "1,2";
				VERSIONING_SYSTEM = "apple-generic";
				VERSION_INFO_PREFIX = "";
			};
			name = Release;
		};
/* End XCBuildConfiguration section */

/* Begin XCConfigurationList section */
		818638A92B709C50002E5350 /* Build configuration list for PBXProject "QuarChats" */ = {
			isa = XCConfigurationList;
			buildConfigurations = (
				818638D62B709C52002E5350 /* Debug */,
				818638D72B709C52002E5350 /* Release */,
			);
			defaultConfigurationIsVisible = 0;
			defaultConfigurationName = Release;
		};
		818638D82B709C52002E5350 /* Build configuration list for PBXNativeTarget "QuarChats" */ = {
			isa = XCConfigurationList;
			buildConfigurations = (
				818638D92B709C52002E5350 /* Debug */,
				818638DA2B709C52002E5350 /* Release */,
			);
			defaultConfigurationIsVisible = 0;
			defaultConfigurationName = Release;
		};
		818638DB2B709C52002E5350 /* Build configuration list for PBXNativeTarget "QuarChatsTests" */ = {
			isa = XCConfigurationList;
			buildConfigurations = (
				818638DC2B709C52002E5350 /* Debug */,
				818638DD2B709C52002E5350 /* Release */,
			);
			defaultConfigurationIsVisible = 0;
			defaultConfigurationName = Release;
		};
		818638DE2B709C52002E5350 /* Build configuration list for PBXNativeTarget "QuarChatsUITests" */ = {
			isa = XCConfigurationList;
			buildConfigurations = (
				818638DF2B709C52002E5350 /* Debug */,
				818638E02B709C52002E5350 /* Release */,
			);
			defaultConfigurationIsVisible = 0;
			defaultConfigurationName = Release;
		};
		818638FD2B709D08002E5350 /* Build configuration list for PBXNativeTarget "Window" */ = {
			isa = XCConfigurationList;
			buildConfigurations = (
				818638FE2B709D08002E5350 /* Debug */,
				818638FF2B709D08002E5350 /* Release */,
			);
			defaultConfigurationIsVisible = 0;
			defaultConfigurationName = Release;
		};
		818639012B709D08002E5350 /* Build configuration list for PBXNativeTarget "WindowTests" */ = {
			isa = XCConfigurationList;
			buildConfigurations = (
				818639022B709D08002E5350 /* Debug */,
				818639032B709D08002E5350 /* Release */,
			);
			defaultConfigurationIsVisible = 0;
			defaultConfigurationName = Release;
		};
		81D5E45D2B737502008E0204 /* Build configuration list for PBXNativeTarget "Landing" */ = {
			isa = XCConfigurationList;
			buildConfigurations = (
				81D5E45E2B737502008E0204 /* Debug */,
				81D5E45F2B737502008E0204 /* Release */,
			);
			defaultConfigurationIsVisible = 0;
			defaultConfigurationName = Release;
		};
		81D5E4602B737502008E0204 /* Build configuration list for PBXNativeTarget "LandingTests" */ = {
			isa = XCConfigurationList;
			buildConfigurations = (
				81D5E4612B737502008E0204 /* Debug */,
				81D5E4622B737502008E0204 /* Release */,
			);
			defaultConfigurationIsVisible = 0;
			defaultConfigurationName = Release;
		};
		81D5E47A2B7379F2008E0204 /* Build configuration list for PBXNativeTarget "Utility" */ = {
			isa = XCConfigurationList;
			buildConfigurations = (
				81D5E47B2B7379F2008E0204 /* Debug */,
				81D5E47C2B7379F2008E0204 /* Release */,
			);
			defaultConfigurationIsVisible = 0;
			defaultConfigurationName = Release;
		};
/* End XCConfigurationList section */
	};
	rootObject = 818638A62B709C50002E5350 /* Project object */;
}
